{
  "name": "ls22",
  "version": "0.0.0",
  "lockfileVersion": 3,
  "requires": true,
  "packages": {
    "": {
      "name": "ls22",
      "version": "0.0.0",
      "dependencies": {
        "@angular/language-server": "22.0.8"
      }
    },
    "node_modules/@angular/language-server": {
      "version": "22.0.8",
      "resolved": "https://registry.npmjs.org/@angular/language-server/-/language-server-22.0.8.tgz",
      "integrity": "sha512-d4Ulw0PKC9N+7EfmoH0sGeUg81TEa5UsAISJi0jfXCLpgLP2HAEJffqdIR9GwCinqx/Mxc5mXpaVi2yDmzTuLA==",
      "license": "MIT",
      "dependencies": {
        "@angular/language-service": "22.0.8",
        "typescript": "6.0.3"
      },
      "bin": {
        "ngserver": "bin/ngserver"
      },
      "engines": {
        "node": "^22.22.3 || ^24.15.0 || >=26.0.0"
      }
    },
    "node_modules/@angular/language-service": {
      "version": "22.0.8",
      "resolved": "https://registry.npmjs.org/@angular/language-service/-/language-service-22.0.8.tgz",
      "integrity": "sha512-mPSWGX1t09Bf0c+JXtq0xUNbyGAPCnWJndbn+VPA5fmnNDbVZiINuDn8MhXnYZAqK1GCvl/MTtg2TKFUWHnU0g==",
      "license": "MIT",
      "engines": {
        "node": "^22.22.3 || ^24.15.0 || >=26.0.0"
      }
    },
    "node_modules/typescript": {
      "version": "6.0.3",
      "resolved": "https://registry.npmjs.org/typescript/-/typescript-6.0.3.tgz",
      "integrity": "sha512-y2TvuxSZPDyQakkFRPZHKFm+KKVqIisdg9/CZwm9ftvKXLP8NRWj38/ODjNbr43SsoXqNuAisEf1GdCxqWcdBw==",
      "license": "Apache-2.0",
      "bin": {
        "tsc": "bin/tsc",
        "tsserver": "bin/tsserver"
      },
      "engines": {
        "node": ">=14.17"
      }
    }
  }
}
