{
    "name": "ls21",
    "version": "0.0.0",
    "lockfileVersion": 3,
    "requires": true,
    "packages": {
        "": {
            "name": "ls21",
            "version": "0.0.0",
            "dependencies": {
                "@angular/language-server": "21.2.18"
            }
        },
        "node_modules/@angular/language-server": {
            "version": "21.2.18",
            "resolved": "https://registry.npmjs.org/@angular/language-server/-/language-server-21.2.18.tgz",
            "integrity": "sha512-MrzOFcE+eNu9cQCPeMT2PLLy7nYVkZjElHojD6Au+fLPI/t/KNQZsxlsAU4+RTXNjTP+5zoKltm3b+QA0dBP1A==",
            "license": "MIT",
            "dependencies": {
                "@angular/language-service": "21.2.18",
                "typescript": "5.9.3"
            },
            "bin": {
                "ngserver": "bin/ngserver"
            },
            "engines": {
                "node": "^20.19.0 || ^22.12.0 || >=24.0.0"
            }
        },
        "node_modules/@angular/language-service": {
            "version": "21.2.18",
            "resolved": "https://registry.npmjs.org/@angular/language-service/-/language-service-21.2.18.tgz",
            "integrity": "sha512-bbv1DyD7GLLibAgDhvb+KcLIlxFMQRceI1gvrrENYfYr/kml52ZDrFL4lpgvyf/y6x3iOU93LUx5Wh+JzYgNCw==",
            "license": "MIT",
            "engines": {
                "node": "^20.19.0 || ^22.12.0 || >=24.0.0"
            }
        },
        "node_modules/typescript": {
            "version": "5.9.3",
            "resolved": "https://registry.npmjs.org/typescript/-/typescript-5.9.3.tgz",
            "integrity": "sha512-jl1vZzPDinLr9eUt3J/t7V6FgNEw9QjvBPdysz9KfQDD41fQrC2Y4vKQdiaUpFT4bXlb1RHhLpp8wtm6M5TgSw==",
            "license": "Apache-2.0",
            "bin": {
                "tsc": "bin/tsc",
                "tsserver": "bin/tsserver"
            },
            "engines": {
                "node": ">=14.17"
            }
        }
    }
}
